
Microsoft Visual Studio Solution File, Format Version 12.00
# Visual Studio Version 17
VisualStudioVersion = 17.2.32630.192
MinimumVisualStudioVersion = 10.0.40219.1
Project("{FAE04EC0-301F-11D3-BF4B-00C04F79EFBC}") = "zen_android_automation", "zen_android_automation\zen_android_automation.csproj", "{1708331D-7CC3-415C-9894-E51BA6D601CF}"
EndProject
Global
	GlobalSection(SolutionConfigurationPlatforms) = preSolution
		Debug|Any CPU = Debug|Any CPU
		Release|Any CPU = Release|Any CPU
	EndGlobalSection
	GlobalSection(ProjectConfigurationPlatforms) = postSolution
		{1708331D-7CC3-415C-9894-E51BA6D601CF}.Debug|Any CPU.ActiveCfg = Debug|Any CPU
		{1708331D-7CC3-415C-9894-E51BA6D601CF}.Debug|Any CPU.Build.0 = Debug|Any CPU
		{1708331D-7CC3-415C-9894-E51BA6D601CF}.Release|Any CPU.ActiveCfg = Release|Any CPU
		{1708331D-7CC3-415C-9894-E51BA6D601CF}.Release|Any CPU.Build.0 = Release|Any CPU
	EndGlobalSection
	GlobalSection(SolutionProperties) = preSolution
		HideSolutionNode = FALSE
	EndGlobalSection
	GlobalSection(ExtensibilityGlobals) = postSolution
		SolutionGuid = {DFAB300F-5FDC-451A-B945-6AC1CEBA9FD4}
	EndGlobalSection
EndGlobal
